
Microsoft Visual Studio Solution File, Format Version 12.00
# Visual Studio Version 17
VisualStudioVersion = 17.0.31903.59
MinimumVisualStudioVersion = 10.0.40219.1
Project("{2150E333-8FDC-42A3-9474-1A3956D46DE8}") = "src", "src", "{827E0CD3-B72D-47B6-A68D-7590B98EB39B}"
EndProject
Project("{FAE04EC0-301F-11D3-BF4B-00C04F79EFBC}") = "Mote.Engine", "src\Mote.Engine\Mote.Engine.csproj", "{FA17D0E5-38EE-46F5-A296-D2A2CC19CFDD}"
EndProject
Project("{FAE04EC0-301F-11D3-BF4B-00C04F79EFBC}") = "Mote.Formats", "src\Mote.Formats\Mote.Formats.csproj", "{61D2B553-D84B-4A3D-8B52-DA61B8FBC2A2}"
EndProject
Project("{FAE04EC0-301F-11D3-BF4B-00C04F79EFBC}") = "Mote.Desktop", "src\Mote.Desktop\Mote.Desktop.csproj", "{74948C85-4332-4819-A869-2DAE35C3D0E2}"
EndProject
Project("{2150E333-8FDC-42A3-9474-1A3956D46DE8}") = "tests", "tests", "{0AB3BF05-4346-4AA6-1389-037BE0695223}"
EndProject
Project("{FAE04EC0-301F-11D3-BF4B-00C04F79EFBC}") = "Mote.Tests", "tests\Mote.Tests\Mote.Tests.csproj", "{E76F27C3-6502-4A0C-A298-11E378C71CEF}"
EndProject
Project("{FAE04EC0-301F-11D3-BF4B-00C04F79EFBC}") = "Mote.Telemetry", "src\Mote.Telemetry\Mote.Telemetry.csproj", "{2C71C77B-D212-4FB7-9260-C62ED32A91A5}"
EndProject
Project("{FAE04EC0-301F-11D3-BF4B-00C04F79EFBC}") = "Mote.Configuration", "src\Mote.Configuration\Mote.Configuration.csproj", "{ADACA676-F6C7-413C-9E69-7531113FE360}"
EndProject
Project("{FAE04EC0-301F-11D3-BF4B-00C04F79EFBC}") = "Mote.Themes", "src\Mote.Themes\Mote.Themes.csproj", "{1B597E63-DC5E-46F7-94BF-21A380745AEE}"
EndProject
Project("{FAE04EC0-301F-11D3-BF4B-00C04F79EFBC}") = "Mote.Themes.Tests", "tests\Mote.Themes.Tests\Mote.Themes.Tests.csproj", "{2B6E1E8E-C1D5-4C83-84B1-9052E462998C}"
EndProject
Project("{FAE04EC0-301F-11D3-BF4B-00C04F79EFBC}") = "Mote.Configuration.Tests", "tests\Mote.Configuration.Tests\Mote.Configuration.Tests.csproj", "{15A96181-58F6-4E68-A5C4-1CAC8BB87CD9}"
EndProject
Project("{FAE04EC0-301F-11D3-BF4B-00C04F79EFBC}") = "Mote.Native", "src\Mote.Native\Mote.Native.csproj", "{FEE5DDE5-B620-49B6-9855-D0E49EA6662C}"
EndProject
Global
	GlobalSection(SolutionConfigurationPlatforms) = preSolution
		Debug|Any CPU = Debug|Any CPU
		Debug|x64 = Debug|x64
		Debug|x86 = Debug|x86
		Release|Any CPU = Release|Any CPU
		Release|x64 = Release|x64
		Release|x86 = Release|x86
	EndGlobalSection
	GlobalSection(ProjectConfigurationPlatforms) = postSolution
		{FA17D0E5-38EE-46F5-A296-D2A2CC19CFDD}.Debug|Any CPU.ActiveCfg = Debug|Any CPU
		{FA17D0E5-38EE-46F5-A296-D2A2CC19CFDD}.Debug|Any CPU.Build.0 = Debug|Any CPU
		{FA17D0E5-38EE-46F5-A296-D2A2CC19CFDD}.Debug|x64.ActiveCfg = Debug|Any CPU
		{FA17D0E5-38EE-46F5-A296-D2A2CC19CFDD}.Debug|x64.Build.0 = Debug|Any CPU
		{FA17D0E5-38EE-46F5-A296-D2A2CC19CFDD}.Debug|x86.ActiveCfg = Debug|Any CPU
		{FA17D0E5-38EE-46F5-A296-D2A2CC19CFDD}.Debug|x86.Build.0 = Debug|Any CPU
		{FA17D0E5-38EE-46F5-A296-D2A2CC19CFDD}.Release|Any CPU.ActiveCfg = Release|Any CPU
		{FA17D0E5-38EE-46F5-A296-D2A2CC19CFDD}.Release|Any CPU.Build.0 = Release|Any CPU
		{FA17D0E5-38EE-46F5-A296-D2A2CC19CFDD}.Release|x64.ActiveCfg = Release|Any CPU
		{FA17D0E5-38EE-46F5-A296-D2A2CC19CFDD}.Release|x64.Build.0 = Release|Any CPU
		{FA17D0E5-38EE-46F5-A296-D2A2CC19CFDD}.Release|x86.ActiveCfg = Release|Any CPU
		{FA17D0E5-38EE-46F5-A296-D2A2CC19CFDD}.Release|x86.Build.0 = Release|Any CPU
		{61D2B553-D84B-4A3D-8B52-DA61B8FBC2A2}.Debug|Any CPU.ActiveCfg = Debug|Any CPU
		{61D2B553-D84B-4A3D-8B52-DA61B8FBC2A2}.Debug|Any CPU.Build.0 = Debug|Any CPU
		{61D2B553-D84B-4A3D-8B52-DA61B8FBC2A2}.Debug|x64.ActiveCfg = Debug|Any CPU
		{61D2B553-D84B-4A3D-8B52-DA61B8FBC2A2}.Debug|x64.Build.0 = Debug|Any CPU
		{61D2B553-D84B-4A3D-8B52-DA61B8FBC2A2}.Debug|x86.ActiveCfg = Debug|Any CPU
		{61D2B553-D84B-4A3D-8B52-DA61B8FBC2A2}.Debug|x86.Build.0 = Debug|Any CPU
		{61D2B553-D84B-4A3D-8B52-DA61B8FBC2A2}.Release|Any CPU.ActiveCfg = Release|Any CPU
		{61D2B553-D84B-4A3D-8B52-DA61B8FBC2A2}.Release|Any CPU.Build.0 = Release|Any CPU
		{61D2B553-D84B-4A3D-8B52-DA61B8FBC2A2}.Release|x64.ActiveCfg = Release|Any CPU
		{61D2B553-D84B-4A3D-8B52-DA61B8FBC2A2}.Release|x64.Build.0 = Release|Any CPU
		{61D2B553-D84B-4A3D-8B52-DA61B8FBC2A2}.Release|x86.ActiveCfg = Release|Any CPU
		{61D2B553-D84B-4A3D-8B52-DA61B8FBC2A2}.Release|x86.Build.0 = Release|Any CPU
		{74948C85-4332-4819-A869-2DAE35C3D0E2}.Debug|Any CPU.ActiveCfg = Debug|Any CPU
		{74948C85-4332-4819-A869-2DAE35C3D0E2}.Debug|Any CPU.Build.0 = Debug|Any CPU
		{74948C85-4332-4819-A869-2DAE35C3D0E2}.Debug|x64.ActiveCfg = Debug|Any CPU
		{74948C85-4332-4819-A869-2DAE35C3D0E2}.Debug|x64.Build.0 = Debug|Any CPU
		{74948C85-4332-4819-A869-2DAE35C3D0E2}.Debug|x86.ActiveCfg = Debug|Any CPU
		{74948C85-4332-4819-A869-2DAE35C3D0E2}.Debug|x86.Build.0 = Debug|Any CPU
		{74948C85-4332-4819-A869-2DAE35C3D0E2}.Release|Any CPU.ActiveCfg = Release|Any CPU
		{74948C85-4332-4819-A869-2DAE35C3D0E2}.Release|Any CPU.Build.0 = Release|Any CPU
		{74948C85-4332-4819-A869-2DAE35C3D0E2}.Release|x64.ActiveCfg = Release|Any CPU
		{74948C85-4332-4819-A869-2DAE35C3D0E2}.Release|x64.Build.0 = Release|Any CPU
		{74948C85-4332-4819-A869-2DAE35C3D0E2}.Release|x86.ActiveCfg = Release|Any CPU
		{74948C85-4332-4819-A869-2DAE35C3D0E2}.Release|x86.Build.0 = Release|Any CPU
		{E76F27C3-6502-4A0C-A298-11E378C71CEF}.Debug|Any CPU.ActiveCfg = Debug|Any CPU
		{E76F27C3-6502-4A0C-A298-11E378C71CEF}.Debug|Any CPU.Build.0 = Debug|Any CPU
		{E76F27C3-6502-4A0C-A298-11E378C71CEF}.Debug|x64.ActiveCfg = Debug|Any CPU
		{E76F27C3-6502-4A0C-A298-11E378C71CEF}.Debug|x64.Build.0 = Debug|Any CPU
		{E76F27C3-6502-4A0C-A298-11E378C71CEF}.Debug|x86.ActiveCfg = Debug|Any CPU
		{E76F27C3-6502-4A0C-A298-11E378C71CEF}.Debug|x86.Build.0 = Debug|Any CPU
		{E76F27C3-6502-4A0C-A298-11E378C71CEF}.Release|Any CPU.ActiveCfg = Release|Any CPU
		{E76F27C3-6502-4A0C-A298-11E378C71CEF}.Release|Any CPU.Build.0 = Release|Any CPU
		{E76F27C3-6502-4A0C-A298-11E378C71CEF}.Release|x64.ActiveCfg = Release|Any CPU
		{E76F27C3-6502-4A0C-A298-11E378C71CEF}.Release|x64.Build.0 = Release|Any CPU
		{E76F27C3-6502-4A0C-A298-11E378C71CEF}.Release|x86.ActiveCfg = Release|Any CPU
		{E76F27C3-6502-4A0C-A298-11E378C71CEF}.Release|x86.Build.0 = Release|Any CPU
		{2C71C77B-D212-4FB7-9260-C62ED32A91A5}.Debug|Any CPU.ActiveCfg = Debug|Any CPU
		{2C71C77B-D212-4FB7-9260-C62ED32A91A5}.Debug|Any CPU.Build.0 = Debug|Any CPU
		{2C71C77B-D212-4FB7-9260-C62ED32A91A5}.Debug|x64.ActiveCfg = Debug|Any CPU
		{2C71C77B-D212-4FB7-9260-C62ED32A91A5}.Debug|x64.Build.0 = Debug|Any CPU
		{2C71C77B-D212-4FB7-9260-C62ED32A91A5}.Debug|x86.ActiveCfg = Debug|Any CPU
		{2C71C77B-D212-4FB7-9260-C62ED32A91A5}.Debug|x86.Build.0 = Debug|Any CPU
		{2C71C77B-D212-4FB7-9260-C62ED32A91A5}.Release|Any CPU.ActiveCfg = Release|Any CPU
		{2C71C77B-D212-4FB7-9260-C62ED32A91A5}.Release|Any CPU.Build.0 = Release|Any CPU
		{2C71C77B-D212-4FB7-9260-C62ED32A91A5}.Release|x64.ActiveCfg = Release|Any CPU
		{2C71C77B-D212-4FB7-9260-C62ED32A91A5}.Release|x64.Build.0 = Release|Any CPU
		{2C71C77B-D212-4FB7-9260-C62ED32A91A5}.Release|x86.ActiveCfg = Release|Any CPU
		{2C71C77B-D212-4FB7-9260-C62ED32A91A5}.Release|x86.Build.0 = Release|Any CPU
		{ADACA676-F6C7-413C-9E69-7531113FE360}.Debug|Any CPU.ActiveCfg = Debug|Any CPU
		{ADACA676-F6C7-413C-9E69-7531113FE360}.Debug|Any CPU.Build.0 = Debug|Any CPU
		{ADACA676-F6C7-413C-9E69-7531113FE360}.Debug|x64.ActiveCfg = Debug|Any CPU
		{ADACA676-F6C7-413C-9E69-7531113FE360}.Debug|x64.Build.0 = Debug|Any CPU
		{ADACA676-F6C7-413C-9E69-7531113FE360}.Debug|x86.ActiveCfg = Debug|Any CPU
		{ADACA676-F6C7-413C-9E69-7531113FE360}.Debug|x86.Build.0 = Debug|Any CPU
		{ADACA676-F6C7-413C-9E69-7531113FE360}.Release|Any CPU.ActiveCfg = Release|Any CPU
		{ADACA676-F6C7-413C-9E69-7531113FE360}.Release|Any CPU.Build.0 = Release|Any CPU
		{ADACA676-F6C7-413C-9E69-7531113FE360}.Release|x64.ActiveCfg = Release|Any CPU
		{ADACA676-F6C7-413C-9E69-7531113FE360}.Release|x64.Build.0 = Release|Any CPU
		{ADACA676-F6C7-413C-9E69-7531113FE360}.Release|x86.ActiveCfg = Release|Any CPU
		{ADACA676-F6C7-413C-9E69-7531113FE360}.Release|x86.Build.0 = Release|Any CPU
		{1B597E63-DC5E-46F7-94BF-21A380745AEE}.Debug|Any CPU.ActiveCfg = Debug|Any CPU
		{1B597E63-DC5E-46F7-94BF-21A380745AEE}.Debug|Any CPU.Build.0 = Debug|Any CPU
		{1B597E63-DC5E-46F7-94BF-21A380745AEE}.Debug|x64.ActiveCfg = Debug|Any CPU
		{1B597E63-DC5E-46F7-94BF-21A380745AEE}.Debug|x64.Build.0 = Debug|Any CPU
		{1B597E63-DC5E-46F7-94BF-21A380745AEE}.Debug|x86.ActiveCfg = Debug|Any CPU
		{1B597E63-DC5E-46F7-94BF-21A380745AEE}.Debug|x86.Build.0 = Debug|Any CPU
		{1B597E63-DC5E-46F7-94BF-21A380745AEE}.Release|Any CPU.ActiveCfg = Release|Any CPU
		{1B597E63-DC5E-46F7-94BF-21A380745AEE}.Release|Any CPU.Build.0 = Release|Any CPU
		{1B597E63-DC5E-46F7-94BF-21A380745AEE}.Release|x64.ActiveCfg = Release|Any CPU
		{1B597E63-DC5E-46F7-94BF-21A380745AEE}.Release|x64.Build.0 = Release|Any CPU
		{1B597E63-DC5E-46F7-94BF-21A380745AEE}.Release|x86.ActiveCfg = Release|Any CPU
		{1B597E63-DC5E-46F7-94BF-21A380745AEE}.Release|x86.Build.0 = Release|Any CPU
		{2B6E1E8E-C1D5-4C83-84B1-9052E462998C}.Debug|Any CPU.ActiveCfg = Debug|Any CPU
		{2B6E1E8E-C1D5-4C83-84B1-9052E462998C}.Debug|Any CPU.Build.0 = Debug|Any CPU
		{2B6E1E8E-C1D5-4C83-84B1-9052E462998C}.Debug|x64.ActiveCfg = Debug|Any CPU
		{2B6E1E8E-C1D5-4C83-84B1-9052E462998C}.Debug|x64.Build.0 = Debug|Any CPU
		{2B6E1E8E-C1D5-4C83-84B1-9052E462998C}.Debug|x86.ActiveCfg = Debug|Any CPU
		{2B6E1E8E-C1D5-4C83-84B1-9052E462998C}.Debug|x86.Build.0 = Debug|Any CPU
		{2B6E1E8E-C1D5-4C83-84B1-9052E462998C}.Release|Any CPU.ActiveCfg = Release|Any CPU
		{2B6E1E8E-C1D5-4C83-84B1-9052E462998C}.Release|Any CPU.Build.0 = Release|Any CPU
		{2B6E1E8E-C1D5-4C83-84B1-9052E462998C}.Release|x64.ActiveCfg = Release|Any CPU
		{2B6E1E8E-C1D5-4C83-84B1-9052E462998C}.Release|x64.Build.0 = Release|Any CPU
		{2B6E1E8E-C1D5-4C83-84B1-9052E462998C}.Release|x86.ActiveCfg = Release|Any CPU
		{2B6E1E8E-C1D5-4C83-84B1-9052E462998C}.Release|x86.Build.0 = Release|Any CPU
		{15A96181-58F6-4E68-A5C4-1CAC8BB87CD9}.Debug|Any CPU.ActiveCfg = Debug|Any CPU
		{15A96181-58F6-4E68-A5C4-1CAC8BB87CD9}.Debug|Any CPU.Build.0 = Debug|Any CPU
		{15A96181-58F6-4E68-A5C4-1CAC8BB87CD9}.Debug|x64.ActiveCfg = Debug|Any CPU
		{15A96181-58F6-4E68-A5C4-1CAC8BB87CD9}.Debug|x64.Build.0 = Debug|Any CPU
		{15A96181-58F6-4E68-A5C4-1CAC8BB87CD9}.Debug|x86.ActiveCfg = Debug|Any CPU
		{15A96181-58F6-4E68-A5C4-1CAC8BB87CD9}.Debug|x86.Build.0 = Debug|Any CPU
		{15A96181-58F6-4E68-A5C4-1CAC8BB87CD9}.Release|Any CPU.ActiveCfg = Release|Any CPU
		{15A96181-58F6-4E68-A5C4-1CAC8BB87CD9}.Release|Any CPU.Build.0 = Release|Any CPU
		{15A96181-58F6-4E68-A5C4-1CAC8BB87CD9}.Release|x64.ActiveCfg = Release|Any CPU
		{15A96181-58F6-4E68-A5C4-1CAC8BB87CD9}.Release|x64.Build.0 = Release|Any CPU
		{15A96181-58F6-4E68-A5C4-1CAC8BB87CD9}.Release|x86.ActiveCfg = Release|Any CPU
		{15A96181-58F6-4E68-A5C4-1CAC8BB87CD9}.Release|x86.Build.0 = Release|Any CPU
		{FEE5DDE5-B620-49B6-9855-D0E49EA6662C}.Debug|Any CPU.ActiveCfg = Debug|Any CPU
		{FEE5DDE5-B620-49B6-9855-D0E49EA6662C}.Debug|Any CPU.Build.0 = Debug|Any CPU
		{FEE5DDE5-B620-49B6-9855-D0E49EA6662C}.Debug|x64.ActiveCfg = Debug|Any CPU
		{FEE5DDE5-B620-49B6-9855-D0E49EA6662C}.Debug|x64.Build.0 = Debug|Any CPU
		{FEE5DDE5-B620-49B6-9855-D0E49EA6662C}.Debug|x86.ActiveCfg = Debug|Any CPU
		{FEE5DDE5-B620-49B6-9855-D0E49EA6662C}.Debug|x86.Build.0 = Debug|Any CPU
		{FEE5DDE5-B620-49B6-9855-D0E49EA6662C}.Release|Any CPU.ActiveCfg = Release|Any CPU
		{FEE5DDE5-B620-49B6-9855-D0E49EA6662C}.Release|Any CPU.Build.0 = Release|Any CPU
		{FEE5DDE5-B620-49B6-9855-D0E49EA6662C}.Release|x64.ActiveCfg = Release|Any CPU
		{FEE5DDE5-B620-49B6-9855-D0E49EA6662C}.Release|x64.Build.0 = Release|Any CPU
		{FEE5DDE5-B620-49B6-9855-D0E49EA6662C}.Release|x86.ActiveCfg = Release|Any CPU
		{FEE5DDE5-B620-49B6-9855-D0E49EA6662C}.Release|x86.Build.0 = Release|Any CPU
	EndGlobalSection
	GlobalSection(SolutionProperties) = preSolution
		HideSolutionNode = FALSE
	EndGlobalSection
	GlobalSection(NestedProjects) = preSolution
		{FA17D0E5-38EE-46F5-A296-D2A2CC19CFDD} = {827E0CD3-B72D-47B6-A68D-7590B98EB39B}
		{61D2B553-D84B-4A3D-8B52-DA61B8FBC2A2} = {827E0CD3-B72D-47B6-A68D-7590B98EB39B}
		{74948C85-4332-4819-A869-2DAE35C3D0E2} = {827E0CD3-B72D-47B6-A68D-7590B98EB39B}
		{E76F27C3-6502-4A0C-A298-11E378C71CEF} = {0AB3BF05-4346-4AA6-1389-037BE0695223}
		{2C71C77B-D212-4FB7-9260-C62ED32A91A5} = {827E0CD3-B72D-47B6-A68D-7590B98EB39B}
		{ADACA676-F6C7-413C-9E69-7531113FE360} = {827E0CD3-B72D-47B6-A68D-7590B98EB39B}
		{1B597E63-DC5E-46F7-94BF-21A380745AEE} = {827E0CD3-B72D-47B6-A68D-7590B98EB39B}
		{2B6E1E8E-C1D5-4C83-84B1-9052E462998C} = {0AB3BF05-4346-4AA6-1389-037BE0695223}
		{15A96181-58F6-4E68-A5C4-1CAC8BB87CD9} = {0AB3BF05-4346-4AA6-1389-037BE0695223}
		{FEE5DDE5-B620-49B6-9855-D0E49EA6662C} = {827E0CD3-B72D-47B6-A68D-7590B98EB39B}
	EndGlobalSection
EndGlobal
